// !$*UTF8*$!
{
	archiveVersion = 1;
	classes = {
	};
	objectVersion = 56;
	objects = {

/* Begin PBXBuildFile section */
		6412BCC728F1E6B300A6E69E /* BookwormApp.swift in Sources */ = {isa = PBXBuildFile; fileRef = 6412BCC628F1E6B300A6E69E /* BookwormApp.swift */; };
		6412BCC928F1E6B300A6E69E /* ContentView.swift in Sources */ = {isa = PBXBuildFile; fileRef = 6412BCC828F1E6B300A6E69E /* ContentView.swift */; };
		6412BCCB28F1E6B400A6E69E /* Assets.xcassets in Resources */ = {isa = PBXBuildFile; fileRef = 6412BCCA28F1E6B400A6E69E /* Assets.xcassets */; };
		6412BCCE28F1E6B400A6E69E /* Preview Assets.xcassets in Resources */ = {isa = PBXBuildFile; fileRef = 6412BCCD28F1E6B400A6E69E /* Preview Assets.xcassets */; };
		6412BCDA28F49C3D00A6E69E /* AddBookView.swift in Sources */ = {isa = PBXBuildFile; fileRef = 6412BCD928F49C3D00A6E69E /* AddBookView.swift */; };
		6412BCDC28F4A1E200A6E69E /* RatingView.swift in Sources */ = {isa = PBXBuildFile; fileRef = 6412BCDB28F4A1E200A6E69E /* RatingView.swift */; };
		6412BCDE28F4A93F00A6E69E /* EmojiRatingView.swift in Sources */ = {isa = PBXBuildFile; fileRef = 6412BCDD28F4A93F00A6E69E /* EmojiRatingView.swift */; };
		6412BCE028F4CC4300A6E69E /* DetailView.swift in Sources */ = {isa = PBXBuildFile; fileRef = 6412BCDF28F4CC4300A6E69E /* DetailView.swift */; };
		64BD9C3429C9BC7A001213A1 /* ExampleView1.swift in Sources */ = {isa = PBXBuildFile; fileRef = 64BD9C3329C9BC7A001213A1 /* ExampleView1.swift */; };
		64BD9C3629C9BEA9001213A1 /* ExampleView2.swift in Sources */ = {isa = PBXBuildFile; fileRef = 64BD9C3529C9BEA9001213A1 /* ExampleView2.swift */; };
		64D402B02BD830DC00FA1A29 /* Student.swift in Sources */ = {isa = PBXBuildFile; fileRef = 64D402AF2BD830DC00FA1A29 /* Student.swift */; };
		64D402B22BD835A100FA1A29 /* Book.swift in Sources */ = {isa = PBXBuildFile; fileRef = 64D402B12BD835A100FA1A29 /* Book.swift */; };
/* End PBXBuildFile section */

/* Begin PBXFileReference section */
		6412BCC328F1E6B300A6E69E /* Bookworm.app */ = {isa = PBXFileReference; explicitFileType = wrapper.application; includeInIndex = 0; path = Bookworm.app; sourceTree = BUILT_PRODUCTS_DIR; };
		6412BCC628F1E6B300A6E69E /* BookwormApp.swift */ = {isa = PBXFileReference; lastKnownFileType = sourcecode.swift; path = BookwormApp.swift; sourceTree = "<group>"; };
		6412BCC828F1E6B300A6E69E /* ContentView.swift */ = {isa = PBXFileReference; lastKnownFileType = sourcecode.swift; path = ContentView.swift; sourceTree = "<group>"; };
		6412BCCA28F1E6B400A6E69E /* Assets.xcassets */ = {isa = PBXFileReference; lastKnownFileType = folder.assetcatalog; path = Assets.xcassets; sourceTree = "<group>"; };
		6412BCCD28F1E6B400A6E69E /* Preview Assets.xcassets */ = {isa = PBXFileReference; lastKnownFileType = folder.assetcatalog; path = "Preview Assets.xcassets"; sourceTree = "<group>"; };
		6412BCD928F49C3D00A6E69E /* AddBookView.swift */ = {isa = PBXFileReference; lastKnownFileType = sourcecode.swift; path = AddBookView.swift; sourceTree = "<group>"; };
		6412BCDB28F4A1E200A6E69E /* RatingView.swift */ = {isa = PBXFileReference; lastKnownFileType = sourcecode.swift; path = RatingView.swift; sourceTree = "<group>"; };
		6412BCDD28F4A93F00A6E69E /* EmojiRatingView.swift */ = {isa = PBXFileReference; lastKnownFileType = sourcecode.swift; path = EmojiRatingView.swift; sourceTree = "<group>"; };
		6412BCDF28F4CC4300A6E69E /* DetailView.swift */ = {isa = PBXFileReference; lastKnownFileType = sourcecode.swift; path = DetailView.swift; sourceTree = "<group>"; };
		64BD9C3329C9BC7A001213A1 /* ExampleView1.swift */ = {isa = PBXFileReference; lastKnownFileType = sourcecode.swift; path = ExampleView1.swift; sourceTree = "<group>"; };
		64BD9C3529C9BEA9001213A1 /* ExampleView2.swift */ = {isa = PBXFileReference; lastKnownFileType = sourcecode.swift; path = ExampleView2.swift; sourceTree = "<group>"; };
		64D402AF2BD830DC00FA1A29 /* Student.swift */ = {isa = PBXFileReference; lastKnownFileType = sourcecode.swift; path = Student.swift; sourceTree = "<group>"; };
		64D402B12BD835A100FA1A29 /* Book.swift */ = {isa = PBXFileReference; lastKnownFileType = sourcecode.swift; path = Book.swift; sourceTree = "<group>"; };
/* End PBXFileReference section */

/* Begin PBXFrameworksBuildPhase section */
		6412BCC028F1E6B300A6E69E /* Frameworks */ = {
			isa = PBXFrameworksBuildPhase;
			buildActionMask = 2147483647;
			files = (
			);
			runOnlyForDeploymentPostprocessing = 0;
		};
/* End PBXFrameworksBuildPhase section */

/* Begin PBXGroup section */
		6412BCBA28F1E6B300A6E69E = {
			isa = PBXGroup;
			children = (
				6412BCC528F1E6B300A6E69E /* Bookworm */,
				6412BCC428F1E6B300A6E69E /* Products */,
			);
			sourceTree = "<group>";
		};
		6412BCC428F1E6B300A6E69E /* Products */ = {
			isa = PBXGroup;
			children = (
				6412BCC328F1E6B300A6E69E /* Bookworm.app */,
			);
			name = Products;
			sourceTree = "<group>";
		};
		6412BCC528F1E6B300A6E69E /* Bookworm */ = {
			isa = PBXGroup;
			children = (
				6412BCC628F1E6B300A6E69E /* BookwormApp.swift */,
				6412BCC828F1E6B300A6E69E /* ContentView.swift */,
				64BD9C3029C9B999001213A1 /* Views */,
				64BD9C3229C9B9D4001213A1 /* DataModel */,
				64BD9C3129C9B9A8001213A1 /* Project Examples */,
				6412BCCA28F1E6B400A6E69E /* Assets.xcassets */,
				6412BCCC28F1E6B400A6E69E /* Preview Content */,
			);
			path = Bookworm;
			sourceTree = "<group>";
		};
		6412BCCC28F1E6B400A6E69E /* Preview Content */ = {
			isa = PBXGroup;
			children = (
				6412BCCD28F1E6B400A6E69E /* Preview Assets.xcassets */,
			);
			path = "Preview Content";
			sourceTree = "<group>";
		};
		64BD9C3029C9B999001213A1 /* Views */ = {
			isa = PBXGroup;
			children = (
				6412BCD928F49C3D00A6E69E /* AddBookView.swift */,
				6412BCDF28F4CC4300A6E69E /* DetailView.swift */,
				6412BCDD28F4A93F00A6E69E /* EmojiRatingView.swift */,
				6412BCDB28F4A1E200A6E69E /* RatingView.swift */,
			);
			path = Views;
			sourceTree = "<group>";
		};
		64BD9C3129C9B9A8001213A1 /* Project Examples */ = {
			isa = PBXGroup;
			children = (
				64BD9C3329C9BC7A001213A1 /* ExampleView1.swift */,
				64BD9C3529C9BEA9001213A1 /* ExampleView2.swift */,
				64D402AF2BD830DC00FA1A29 /* Student.swift */,
			);
			path = "Project Examples";
			sourceTree = "<group>";
		};
		64BD9C3229C9B9D4001213A1 /* DataModel */ = {
			isa = PBXGroup;
			children = (
				64D402B12BD835A100FA1A29 /* Book.swift */,
			);
			path = DataModel;
			sourceTree = "<group>";
		};
/* End PBXGroup section */

/* Begin PBXNativeTarget section */
		6412BCC228F1E6B300A6E69E /* Bookworm */ = {
			isa = PBXNativeTarget;
			buildConfigurationList = 6412BCD128F1E6B400A6E69E /* Build configuration list for PBXNativeTarget "Bookworm" */;
			buildPhases = (
				6412BCBF28F1E6B300A6E69E /* Sources */,
				6412BCC028F1E6B300A6E69E /* Frameworks */,
				6412BCC128F1E6B300A6E69E /* Resources */,
			);
			buildRules = (
			);
			dependencies = (
			);
			name = Bookworm;
			productName = Bookworm;
			productReference = 6412BCC328F1E6B300A6E69E /* Bookworm.app */;
			productType = "com.apple.product-type.application";
		};
/* End PBXNativeTarget section */

/* Begin PBXProject section */
		6412BCBB28F1E6B300A6E69E /* Project object */ = {
			isa = PBXProject;
			attributes = {
				BuildIndependentTargetsInParallel = 1;
				LastSwiftUpdateCheck = 1400;
				LastUpgradeCheck = 1530;
				TargetAttributes = {
					6412BCC228F1E6B300A6E69E = {
						CreatedOnToolsVersion = 14.0.1;
					};
				};
			};
			buildConfigurationList = 6412BCBE28F1E6B300A6E69E /* Build configuration list for PBXProject "Bookworm" */;
			compatibilityVersion = "Xcode 14.0";
			developmentRegion = en;
			hasScannedForEncodings = 0;
			knownRegions = (
				en,
				Base,
			);
			mainGroup = 6412BCBA28F1E6B300A6E69E;
			productRefGroup = 6412BCC428F1E6B300A6E69E /* Products */;
			projectDirPath = "";
			projectRoot = "";
			targets = (
				6412BCC228F1E6B300A6E69E /* Bookworm */,
			);
		};
/* End PBXProject section */

/* Begin PBXResourcesBuildPhase section */
		6412BCC128F1E6B300A6E69E /* Resources */ = {
			isa = PBXResourcesBuildPhase;
			buildActionMask = 2147483647;
			files = (
				6412BCCE28F1E6B400A6E69E /* Preview Assets.xcassets in Resources */,
				6412BCCB28F1E6B400A6E69E /* Assets.xcassets in Resources */,
			);
			runOnlyForDeploymentPostprocessing = 0;
		};
/* End PBXResourcesBuildPhase section */

/* Begin PBXSourcesBuildPhase section */
		6412BCBF28F1E6B300A6E69E /* Sources */ = {
			isa = PBXSourcesBuildPhase;
			buildActionMask = 2147483647;
			files = (
				64BD9C3429C9BC7A001213A1 /* ExampleView1.swift in Sources */,
				6412BCC928F1E6B300A6E69E /* ContentView.swift in Sources */,
				64BD9C3629C9BEA9001213A1 /* ExampleView2.swift in Sources */,
				64D402B22BD835A100FA1A29 /* Book.swift in Sources */,
				64D402B02BD830DC00FA1A29 /* Student.swift in Sources */,
				6412BCE028F4CC4300A6E69E /* DetailView.swift in Sources */,
				6412BCDE28F4A93F00A6E69E /* EmojiRatingView.swift in Sources */,
				6412BCDC28F4A1E200A6E69E /* RatingView.swift in Sources */,
				6412BCC728F1E6B300A6E69E /* BookwormApp.swift in Sources */,
				6412BCDA28F49C3D00A6E69E /* AddBookView.swift in Sources */,
			);
			runOnlyForDeploymentPostprocessing = 0;
		};
/* End PBXSourcesBuildPhase section */

/* Begin XCBuildConfiguration section */
		6412BCCF28F1E6B400A6E69E /* Debug */ = {
			isa = XCBuildConfiguration;
			buildSettings = {
				ALWAYS_SEARCH_USER_PATHS = NO;
				ASSETCATALOG_COMPILER_GENERATE_SWIFT_ASSET_SYMBOL_EXTENSIONS = YES;
				CLANG_ANALYZER_NONNULL = YES;
				CLANG_ANALYZER_NUMBER_OBJECT_CONVERSION = YES_AGGRESSIVE;
				CLANG_CXX_LANGUAGE_STANDARD = "gnu++20";
				CLANG_ENABLE_MODULES = YES;
				CLANG_ENABLE_OBJC_ARC = YES;
				CLANG_ENABLE_OBJC_WEAK = YES;
				CLANG_WARN_BLOCK_CAPTURE_AUTORELEASING = YES;
				CLANG_WARN_BOOL_CONVERSION = YES;
				CLANG_WARN_COMMA = YES;
				CLANG_WARN_CONSTANT_CONVERSION = YES;
				CLANG_WARN_DEPRECATED_OBJC_IMPLEMENTATIONS = YES;
				CLANG_WARN_DIRECT_OBJC_ISA_USAGE = YES_ERROR;
				CLANG_WARN_DOCUMENTATION_COMMENTS = YES;
				CLANG_WARN_EMPTY_BODY = YES;
				CLANG_WARN_ENUM_CONVERSION = YES;
				CLANG_WARN_INFINITE_RECURSION = YES;
				CLANG_WARN_INT_CONVERSION = YES;
				CLANG_WARN_NON_LITERAL_NULL_CONVERSION = YES;
				CLANG_WARN_OBJC_IMPLICIT_RETAIN_SELF = YES;
				CLANG_WARN_OBJC_LITERAL_CONVERSION = YES;
				CLANG_WARN_OBJC_ROOT_CLASS = YES_ERROR;
				CLANG_WARN_QUOTED_INCLUDE_IN_FRAMEWORK_HEADER = YES;
				CLANG_WARN_RANGE_LOOP_ANALYSIS = YES;
				CLANG_WARN_STRICT_PROTOTYPES = YES;
				CLANG_WARN_SUSPICIOUS_MOVE = YES;
				CLANG_WARN_UNGUARDED_AVAILABILITY = YES_AGGRESSIVE;
				CLANG_WARN_UNREACHABLE_CODE = YES;
				CLANG_WARN__DUPLICATE_METHOD_MATCH = YES;
				COPY_PHASE_STRIP = NO;
				DEBUG_INFORMATION_FORMAT = dwarf;
				ENABLE_STRICT_OBJC_MSGSEND = YES;
				ENABLE_TESTABILITY = YES;
				ENABLE_USER_SCRIPT_SANDBOXING = YES;
				GCC_C_LANGUAGE_STANDARD = gnu11;
				GCC_DYNAMIC_NO_PIC = NO;
				GCC_NO_COMMON_BLOCKS = YES;
				GCC_OPTIMIZATION_LEVEL = 0;
				GCC_PREPROCESSOR_DEFINITIONS = (
					"DEBUG=1",
					"$(inherited)",
				);
				GCC_WARN_64_TO_32_BIT_CONVERSION = YES;
				GCC_WARN_ABOUT_RETURN_TYPE = YES_ERROR;
				GCC_WARN_UNDECLARED_SELECTOR = YES;
				GCC_WARN_UNINITIALIZED_AUTOS = YES_AGGRESSIVE;
				GCC_WARN_UNUSED_FUNCTION = YES;
				GCC_WARN_UNUSED_VARIABLE = YES;
				IPHONEOS_DEPLOYMENT_TARGET = 17.1;
				MTL_ENABLE_DEBUG_INFO = INCLUDE_SOURCE;
				MTL_FAST_MATH = YES;
				ONLY_ACTIVE_ARCH = YES;
				SDKROOT = iphoneos;
				SWIFT_ACTIVE_COMPILATION_CONDITIONS = DEBUG;
				SWIFT_OPTIMIZATION_LEVEL = "-Onone";
			};
			name = Debug;
		};
		6412BCD028F1E6B400A6E69E /* Release */ = {
			isa = XCBuildConfiguration;
			buildSettings = {
				ALWAYS_SEARCH_USER_PATHS = NO;
				ASSETCATALOG_COMPILER_GENERATE_SWIFT_ASSET_SYMBOL_EXTENSIONS = YES;
				CLANG_ANALYZER_NONNULL = YES;
				CLANG_ANALYZER_NUMBER_OBJECT_CONVERSION = YES_AGGRESSIVE;
				CLANG_CXX_LANGUAGE_STANDARD = "gnu++20";
				CLANG_ENABLE_MODULES = YES;
				CLANG_ENABLE_OBJC_ARC = YES;
				CLANG_ENABLE_OBJC_WEAK = YES;
				CLANG_WARN_BLOCK_CAPTURE_AUTORELEASING = YES;
				CLANG_WARN_BOOL_CONVERSION = YES;
				CLANG_WARN_COMMA = YES;
				CLANG_WARN_CONSTANT_CONVERSION = YES;
				CLANG_WARN_DEPRECATED_OBJC_IMPLEMENTATIONS = YES;
				CLANG_WARN_DIRECT_OBJC_ISA_USAGE = YES_ERROR;
				CLANG_WARN_DOCUMENTATION_COMMENTS = YES;
				CLANG_WARN_EMPTY_BODY = YES;
				CLANG_WARN_ENUM_CONVERSION = YES;
				CLANG_WARN_INFINITE_RECURSION = YES;
				CLANG_WARN_INT_CONVERSION = YES;
				CLANG_WARN_NON_LITERAL_NULL_CONVERSION = YES;
				CLANG_WARN_OBJC_IMPLICIT_RETAIN_SELF = YES;
				CLANG_WARN_OBJC_LITERAL_CONVERSION = YES;
				CLANG_WARN_OBJC_ROOT_CLASS = YES_ERROR;
				CLANG_WARN_QUOTED_INCLUDE_IN_FRAMEWORK_HEADER = YES;
				CLANG_WARN_RANGE_LOOP_ANALYSIS = YES;
				CLANG_WARN_STRICT_PROTOTYPES = YES;
				CLANG_WARN_SUSPICIOUS_MOVE = YES;
				CLANG_WARN_UNGUARDED_AVAILABILITY = YES_AGGRESSIVE;
				CLANG_WARN_UNREACHABLE_CODE = YES;
				CLANG_WARN__DUPLICATE_METHOD_MATCH = YES;
				COPY_PHASE_STRIP = NO;
				DEBUG_INFORMATION_FORMAT = "dwarf-with-dsym";
				ENABLE_NS_ASSERTIONS = NO;
				ENABLE_STRICT_OBJC_MSGSEND = YES;
				ENABLE_USER_SCRIPT_SANDBOXING = YES;
				GCC_C_LANGUAGE_STANDARD = gnu11;
				GCC_NO_COMMON_BLOCKS = YES;
				GCC_WARN_64_TO_32_BIT_CONVERSION = YES;
				GCC_WARN_ABOUT_RETURN_TYPE = YES_ERROR;
				GCC_WARN_UNDECLARED_SELECTOR = YES;
				GCC_WARN_UNINITIALIZED_AUTOS = YES_AGGRESSIVE;
				GCC_WARN_UNUSED_FUNCTION = YES;
				GCC_WARN_UNUSED_VARIABLE = YES;
				IPHONEOS_DEPLOYMENT_TARGET = 17.1;
				MTL_ENABLE_DEBUG_INFO = NO;
				MTL_FAST_MATH = YES;
				SDKROOT = iphoneos;
				SWIFT_COMPILATION_MODE = wholemodule;
				SWIFT_OPTIMIZATION_LEVEL = "-O";
				VALIDATE_PRODUCT = YES;
			};
			name = Release;
		};
		6412BCD228F1E6B400A6E69E /* Debug */ = {
			isa = XCBuildConfiguration;
			buildSettings = {
				ASSETCATALOG_COMPILER_APPICON_NAME = AppIcon;
				ASSETCATALOG_COMPILER_GLOBAL_ACCENT_COLOR_NAME = AccentColor;
				CODE_SIGN_STYLE = Automatic;
				CURRENT_PROJECT_VERSION = 1;
				DEVELOPMENT_ASSET_PATHS = "\"Bookworm/Preview Content\"";
				DEVELOPMENT_TEAM = N8877H53MP;
				ENABLE_PREVIEWS = YES;
				GENERATE_INFOPLIST_FILE = YES;
				INFOPLIST_KEY_LSApplicationCategoryType = "public.app-category.productivity";
				INFOPLIST_KEY_UIApplicationSceneManifest_Generation = YES;
				INFOPLIST_KEY_UIApplicationSupportsIndirectInputEvents = YES;
				INFOPLIST_KEY_UILaunchScreen_Generation = YES;
				INFOPLIST_KEY_UISupportedInterfaceOrientations = UIInterfaceOrientationPortrait;
				INFOPLIST_KEY_UISupportedInterfaceOrientations_iPad = "UIInterfaceOrientationLandscapeLeft UIInterfaceOrientationLandscapeRight UIInterfaceOrientationPortrait UIInterfaceOrientationPortraitUpsideDown";
				LD_RUNPATH_SEARCH_PATHS = (
					"$(inherited)",
					"@executable_path/Frameworks",
				);
				MARKETING_VERSION = 1.0;
				PRODUCT_BUNDLE_IDENTIFIER = com.lefthandedapps.Bookworm;
				PRODUCT_NAME = "$(TARGET_NAME)";
				SUPPORTED_PLATFORMS = "iphoneos iphonesimulator";
				SUPPORTS_MACCATALYST = NO;
				SUPPORTS_MAC_DESIGNED_FOR_IPHONE_IPAD = NO;
				SWIFT_EMIT_LOC_STRINGS = YES;
				SWIFT_VERSION = 5.0;
				TARGETED_DEVICE_FAMILY = 1;
			};
			name = Debug;
		};
		6412BCD328F1E6B400A6E69E /* Release */ = {
			isa = XCBuildConfiguration;
			buildSettings = {
				ASSETCATALOG_COMPILER_APPICON_NAME = AppIcon;
				ASSETCATALOG_COMPILER_GLOBAL_ACCENT_COLOR_NAME = AccentColor;
				CODE_SIGN_STYLE = Automatic;
				CURRENT_PROJECT_VERSION = 1;
				DEVELOPMENT_ASSET_PATHS = "\"Bookworm/Preview Content\"";
				DEVELOPMENT_TEAM = N8877H53MP;
				ENABLE_PREVIEWS = YES;
				GENERATE_INFOPLIST_FILE = YES;
				INFOPLIST_KEY_LSApplicationCategoryType = "public.app-category.productivity";
				INFOPLIST_KEY_UIApplicationSceneManifest_Generation = YES;
				INFOPLIST_KEY_UIApplicationSupportsIndirectInputEvents = YES;
				INFOPLIST_KEY_UILaunchScreen_Generation = YES;
				INFOPLIST_KEY_UISupportedInterfaceOrientations = UIInterfaceOrientationPortrait;
				INFOPLIST_KEY_UISupportedInterfaceOrientations_iPad = "UIInterfaceOrientationLandscapeLeft UIInterfaceOrientationLandscapeRight UIInterfaceOrientationPortrait UIInterfaceOrientationPortraitUpsideDown";
				LD_RUNPATH_SEARCH_PATHS = (
					"$(inherited)",
					"@executable_path/Frameworks",
				);
				MARKETING_VERSION = 1.0;
				PRODUCT_BUNDLE_IDENTIFIER = com.lefthandedapps.Bookworm;
				PRODUCT_NAME = "$(TARGET_NAME)";
				SUPPORTED_PLATFORMS = "iphoneos iphonesimulator";
				SUPPORTS_MACCATALYST = NO;
				SUPPORTS_MAC_DESIGNED_FOR_IPHONE_IPAD = NO;
				SWIFT_EMIT_LOC_STRINGS = YES;
				SWIFT_VERSION = 5.0;
				TARGETED_DEVICE_FAMILY = 1;
			};
			name = Release;
		};
/* End XCBuildConfiguration section */

/* Begin XCConfigurationList section */
		6412BCBE28F1E6B300A6E69E /* Build configuration list for PBXProject "Bookworm" */ = {
			isa = XCConfigurationList;
			buildConfigurations = (
				6412BCCF28F1E6B400A6E69E /* Debug */,
				6412BCD028F1E6B400A6E69E /* Release */,
			);
			defaultConfigurationIsVisible = 0;
			defaultConfigurationName = Release;
		};
		6412BCD128F1E6B400A6E69E /* Build configuration list for PBXNativeTarget "Bookworm" */ = {
			isa = XCConfigurationList;
			buildConfigurations = (
				6412BCD228F1E6B400A6E69E /* Debug */,
				6412BCD328F1E6B400A6E69E /* Release */,
			);
			defaultConfigurationIsVisible = 0;
			defaultConfigurationName = Release;
		};
/* End XCConfigurationList section */
	};
	rootObject = 6412BCBB28F1E6B300A6E69E /* Project object */;
}
